
Microsoft Visual Studio Solution File, Format Version 12.00
# Visual Studio 15
VisualStudioVersion = 15.0.28307.271
MinimumVisualStudioVersion = 10.0.40219.1
Project("{FAE04EC0-301F-11D3-BF4B-00C04F79EFBC}") = "TwoFA.Utils", "TwoFA.Utils\TwoFA.Utils.csproj", "{18D0AD8D-E9F3-4174-AF70-1557BAA692D6}"
EndProject
Project("{FAE04EC0-301F-11D3-BF4B-00C04F79EFBC}") = "TwoFA.WebApi", "TwoFA.WebApi\TwoFA.WebApi.csproj", "{FEE107B8-EEB3-4C91-9F59-5C225CC562B4}"
	ProjectSection(ProjectDependencies) = postProject
		{18D0AD8D-E9F3-4174-AF70-1557BAA692D6} = {18D0AD8D-E9F3-4174-AF70-1557BAA692D6}
		{6A9A1AC3-484C-422A-90F4-5A07B2C390FF} = {6A9A1AC3-484C-422A-90F4-5A07B2C390FF}
	EndProjectSection
EndProject
Project("{FAE04EC0-301F-11D3-BF4B-00C04F79EFBC}") = "TwoFA.WebMVC", "TwoFA.WebMVC\TwoFA.WebMVC.csproj", "{6A9A1AC3-484C-422A-90F4-5A07B2C390FF}"
	ProjectSection(ProjectDependencies) = postProject
		{18D0AD8D-E9F3-4174-AF70-1557BAA692D6} = {18D0AD8D-E9F3-4174-AF70-1557BAA692D6}
	EndProjectSection
EndProject
Global
	GlobalSection(SolutionConfigurationPlatforms) = preSolution
		Debug|Any CPU = Debug|Any CPU
		Release|Any CPU = Release|Any CPU
	EndGlobalSection
	GlobalSection(ProjectConfigurationPlatforms) = postSolution
		{18D0AD8D-E9F3-4174-AF70-1557BAA692D6}.Debug|Any CPU.ActiveCfg = Debug|Any CPU
		{18D0AD8D-E9F3-4174-AF70-1557BAA692D6}.Debug|Any CPU.Build.0 = Debug|Any CPU
		{18D0AD8D-E9F3-4174-AF70-1557BAA692D6}.Release|Any CPU.ActiveCfg = Release|Any CPU
		{18D0AD8D-E9F3-4174-AF70-1557BAA692D6}.Release|Any CPU.Build.0 = Release|Any CPU
		{FEE107B8-EEB3-4C91-9F59-5C225CC562B4}.Debug|Any CPU.ActiveCfg = Debug|Any CPU
		{FEE107B8-EEB3-4C91-9F59-5C225CC562B4}.Debug|Any CPU.Build.0 = Debug|Any CPU
		{FEE107B8-EEB3-4C91-9F59-5C225CC562B4}.Release|Any CPU.ActiveCfg = Release|Any CPU
		{FEE107B8-EEB3-4C91-9F59-5C225CC562B4}.Release|Any CPU.Build.0 = Release|Any CPU
		{6A9A1AC3-484C-422A-90F4-5A07B2C390FF}.Debug|Any CPU.ActiveCfg = Debug|Any CPU
		{6A9A1AC3-484C-422A-90F4-5A07B2C390FF}.Debug|Any CPU.Build.0 = Debug|Any CPU
		{6A9A1AC3-484C-422A-90F4-5A07B2C390FF}.Release|Any CPU.ActiveCfg = Release|Any CPU
		{6A9A1AC3-484C-422A-90F4-5A07B2C390FF}.Release|Any CPU.Build.0 = Release|Any CPU
	EndGlobalSection
	GlobalSection(SolutionProperties) = preSolution
		HideSolutionNode = FALSE
	EndGlobalSection
	GlobalSection(ExtensibilityGlobals) = postSolution
		SolutionGuid = {F08EA8ED-F0FE-4FD9-859C-29A005884F7D}
	EndGlobalSection
EndGlobal
